
Microsoft Visual Studio Solution File, Format Version 12.00
# Visual Studio Version 17
VisualStudioVersion = 17.8.34408.163
MinimumVisualStudioVersion = 10.0.40219.1
Project("{FAE04EC0-301F-11D3-BF4B-00C04F79EFBC}") = "Juego Cocodrilo", "Juego Cocodrilo\Juego Cocodrilo.csproj", "{1FA41CB2-C2FE-4466-8C9A-90155FF77F51}"
EndProject
Global
	GlobalSection(SolutionConfigurationPlatforms) = preSolution
		Debug|Any CPU = Debug|Any CPU
		Release|Any CPU = Release|Any CPU
	EndGlobalSection
	GlobalSection(ProjectConfigurationPlatforms) = postSolution
		{1FA41CB2-C2FE-4466-8C9A-90155FF77F51}.Debug|Any CPU.ActiveCfg = Debug|Any CPU
		{1FA41CB2-C2FE-4466-8C9A-90155FF77F51}.Debug|Any CPU.Build.0 = Debug|Any CPU
		{1FA41CB2-C2FE-4466-8C9A-90155FF77F51}.Release|Any CPU.ActiveCfg = Release|Any CPU
		{1FA41CB2-C2FE-4466-8C9A-90155FF77F51}.Release|Any CPU.Build.0 = Release|Any CPU
	EndGlobalSection
	GlobalSection(SolutionProperties) = preSolution
		HideSolutionNode = FALSE
	EndGlobalSection
	GlobalSection(ExtensibilityGlobals) = postSolution
		SolutionGuid = {6318D5EE-591E-49A4-AA82-29C0A5DCB198}
	EndGlobalSection
EndGlobal
